
Microsoft Visual Studio Solution File, Format Version 12.00
# Visual Studio Version 17
VisualStudioVersion = 17.2.32616.157
MinimumVisualStudioVersion = 10.0.40219.1
Project("{FAE04EC0-301F-11D3-BF4B-00C04F79EFBC}") = "Diziler", "Diziler.csproj", "{89F886D5-1E89-4291-BA9B-5D2AE3AD3A7F}"
EndProject
Project("{FAE04EC0-301F-11D3-BF4B-00C04F79EFBC}") = "DizilerDemo", "..\DizilerDemo\DizilerDemo.csproj", "{A5A44551-7F2F-4AFD-A93D-692A5A959894}"
EndProject
Project("{FAE04EC0-301F-11D3-BF4B-00C04F79EFBC}") = "CokBoyutluDiziler", "..\CokBoyutluDiziler\CokBoyutluDiziler.csproj", "{727BE752-7ED6-4E8A-97E1-E8A63C705418}"
EndProject
Global
	GlobalSection(SolutionConfigurationPlatforms) = preSolution
		Debug|Any CPU = Debug|Any CPU
		Release|Any CPU = Release|Any CPU
	EndGlobalSection
	GlobalSection(ProjectConfigurationPlatforms) = postSolution
		{89F886D5-1E89-4291-BA9B-5D2AE3AD3A7F}.Debug|Any CPU.ActiveCfg = Debug|Any CPU
		{89F886D5-1E89-4291-BA9B-5D2AE3AD3A7F}.Debug|Any CPU.Build.0 = Debug|Any CPU
		{89F886D5-1E89-4291-BA9B-5D2AE3AD3A7F}.Release|Any CPU.ActiveCfg = Release|Any CPU
		{89F886D5-1E89-4291-BA9B-5D2AE3AD3A7F}.Release|Any CPU.Build.0 = Release|Any CPU
		{A5A44551-7F2F-4AFD-A93D-692A5A959894}.Debug|Any CPU.ActiveCfg = Debug|Any CPU
		{A5A44551-7F2F-4AFD-A93D-692A5A959894}.Debug|Any CPU.Build.0 = Debug|Any CPU
		{A5A44551-7F2F-4AFD-A93D-692A5A959894}.Release|Any CPU.ActiveCfg = Release|Any CPU
		{A5A44551-7F2F-4AFD-A93D-692A5A959894}.Release|Any CPU.Build.0 = Release|Any CPU
		{727BE752-7ED6-4E8A-97E1-E8A63C705418}.Debug|Any CPU.ActiveCfg = Debug|Any CPU
		{727BE752-7ED6-4E8A-97E1-E8A63C705418}.Debug|Any CPU.Build.0 = Debug|Any CPU
		{727BE752-7ED6-4E8A-97E1-E8A63C705418}.Release|Any CPU.ActiveCfg = Release|Any CPU
		{727BE752-7ED6-4E8A-97E1-E8A63C705418}.Release|Any CPU.Build.0 = Release|Any CPU
	EndGlobalSection
	GlobalSection(SolutionProperties) = preSolution
		HideSolutionNode = FALSE
	EndGlobalSection
	GlobalSection(ExtensibilityGlobals) = postSolution
		SolutionGuid = {721C8A34-96FF-46EB-BB06-BDE7C238A6A6}
	EndGlobalSection
EndGlobal
